
Microsoft Visual Studio Solution File, Format Version 12.00
Project("{2150E333-8FDC-42A3-9474-1A3956D46DE8}") = "src", "src", "{51CA191F-AE29-44B3-9752-D289F968A0E6}"
EndProject
Project("{FAE04EC0-301F-11D3-BF4B-00C04F79EFBC}") = "OrderApi.Domain", "src\OrderApi.Domain\OrderApi.Domain.csproj", "{D1746077-C0F2-4F73-A18D-B7C221F9001D}"
EndProject
Project("{FAE04EC0-301F-11D3-BF4B-00C04F79EFBC}") = "OrderApi.Application", "src\OrderApi.Application\OrderApi.Application.csproj", "{734DF1E3-26F7-436A-84D4-D839376CA023}"
EndProject
Project("{FAE04EC0-301F-11D3-BF4B-00C04F79EFBC}") = "OrderApi.Api", "src\OrderApi.Api\OrderApi.Api.csproj", "{BCC07AA3-ED76-429A-BFBC-A21C74E4E8A3}"
EndProject
Project("{FAE04EC0-301F-11D3-BF4B-00C04F79EFBC}") = "SharedLibrary.Api", "..\eCommerce.SharedLibrary\SharedLibrary.Api\SharedLibrary.Api.csproj", "{66CF4561-0B21-4D10-A1A7-B49A00AE0380}"
EndProject
Project("{FAE04EC0-301F-11D3-BF4B-00C04F79EFBC}") = "OrderApi.Infrastructure", "src\OrderApi.Infrastructure\OrderApi.Infrastructure.csproj", "{F4FA0EC7-C6B0-4FEF-8264-B668EBC66043}"
EndProject
Project("{FAE04EC0-301F-11D3-BF4B-00C04F79EFBC}") = "SharedLibrary.Application", "..\eCommerce.SharedLibrary\SharedLibrary.Application\SharedLibrary.Application.csproj", "{DF996036-534D-426E-897C-F3B2839344F5}"
EndProject
Project("{FAE04EC0-301F-11D3-BF4B-00C04F79EFBC}") = "SharedLibrary.Domain", "..\eCommerce.SharedLibrary\SharedLibrary.Domain\SharedLibrary.Domain.csproj", "{3710160A-57D5-4281-B46F-1D9866F7EB25}"
EndProject
Project("{FAE04EC0-301F-11D3-BF4B-00C04F79EFBC}") = "SharedLibrary.Infrastructure", "..\eCommerce.SharedLibrary\SharedLibrary.Infrastructure\SharedLibrary.Infrastructure.csproj", "{F85D491D-13D5-44CE-941D-B80FB5346134}"
EndProject
Project("{FAE04EC0-301F-11D3-BF4B-00C04F79EFBC}") = "OrderApi.Messages", "src\OrderApi.Messages\OrderApi.Messages.csproj", "{5B87BCF1-567B-412A-87C6-EFDF2BA7C81A}"
EndProject
Project("{FAE04EC0-301F-11D3-BF4B-00C04F79EFBC}") = "ProductApi.Messages", "..\eCommerce.ProductApi\src\ProductApi.Messages\ProductApi.Messages.csproj", "{151F6FC2-0BDD-453D-80F1-4E0506041694}"
EndProject
Project("{FAE04EC0-301F-11D3-BF4B-00C04F79EFBC}") = "UserApi.Messages", "..\eCommerce.UserApi\src\UserApi.Messages\UserApi.Messages.csproj", "{05E5884A-D8F5-44F0-89D1-B04EF95BC0C9}"
EndProject
Project("{2150E333-8FDC-42A3-9474-1A3956D46DE8}") = "test", "test", "{0C88DD14-F956-CE84-757C-A364CCF449FC}"
EndProject
Project("{FAE04EC0-301F-11D3-BF4B-00C04F79EFBC}") = "OrderApi.Domain.UnitTests", "test\OrderApi.Domain.UnitTests\OrderApi.Domain.UnitTests.csproj", "{91025D99-9A0E-41A6-88FB-42989C8D0B8B}"
EndProject
Project("{FAE04EC0-301F-11D3-BF4B-00C04F79EFBC}") = "OrderApi.Application.UnitTests", "test\OrderApi.Application.UnitTests\OrderApi.Application.UnitTests.csproj", "{AE9334E9-9833-4366-B63F-A0C5BBF3B0BC}"
EndProject
Project("{FAE04EC0-301F-11D3-BF4B-00C04F79EFBC}") = "OrderApi.Application.IntegrationTests", "test\OrderApi.Application.IntegrationTests\OrderApi.Application.IntegrationTests.csproj", "{BEBBEAB9-2F0A-4BC5-901B-7906BC540475}"
EndProject
Global
	GlobalSection(SolutionConfigurationPlatforms) = preSolution
		Debug|Any CPU = Debug|Any CPU
		Debug|x64 = Debug|x64
		Debug|x86 = Debug|x86
		Release|Any CPU = Release|Any CPU
		Release|x64 = Release|x64
		Release|x86 = Release|x86
	EndGlobalSection
	GlobalSection(ProjectConfigurationPlatforms) = postSolution
		{D1746077-C0F2-4F73-A18D-B7C221F9001D}.Debug|Any CPU.ActiveCfg = Debug|Any CPU
		{D1746077-C0F2-4F73-A18D-B7C221F9001D}.Debug|Any CPU.Build.0 = Debug|Any CPU
		{D1746077-C0F2-4F73-A18D-B7C221F9001D}.Debug|x64.ActiveCfg = Debug|Any CPU
		{D1746077-C0F2-4F73-A18D-B7C221F9001D}.Debug|x64.Build.0 = Debug|Any CPU
		{D1746077-C0F2-4F73-A18D-B7C221F9001D}.Debug|x86.ActiveCfg = Debug|Any CPU
		{D1746077-C0F2-4F73-A18D-B7C221F9001D}.Debug|x86.Build.0 = Debug|Any CPU
		{D1746077-C0F2-4F73-A18D-B7C221F9001D}.Release|Any CPU.ActiveCfg = Release|Any CPU
		{D1746077-C0F2-4F73-A18D-B7C221F9001D}.Release|Any CPU.Build.0 = Release|Any CPU
		{D1746077-C0F2-4F73-A18D-B7C221F9001D}.Release|x64.ActiveCfg = Release|Any CPU
		{D1746077-C0F2-4F73-A18D-B7C221F9001D}.Release|x64.Build.0 = Release|Any CPU
		{D1746077-C0F2-4F73-A18D-B7C221F9001D}.Release|x86.ActiveCfg = Release|Any CPU
		{D1746077-C0F2-4F73-A18D-B7C221F9001D}.Release|x86.Build.0 = Release|Any CPU
		{734DF1E3-26F7-436A-84D4-D839376CA023}.Debug|Any CPU.ActiveCfg = Debug|Any CPU
		{734DF1E3-26F7-436A-84D4-D839376CA023}.Debug|Any CPU.Build.0 = Debug|Any CPU
		{734DF1E3-26F7-436A-84D4-D839376CA023}.Debug|x64.ActiveCfg = Debug|Any CPU
		{734DF1E3-26F7-436A-84D4-D839376CA023}.Debug|x64.Build.0 = Debug|Any CPU
		{734DF1E3-26F7-436A-84D4-D839376CA023}.Debug|x86.ActiveCfg = Debug|Any CPU
		{734DF1E3-26F7-436A-84D4-D839376CA023}.Debug|x86.Build.0 = Debug|Any CPU
		{734DF1E3-26F7-436A-84D4-D839376CA023}.Release|Any CPU.ActiveCfg = Release|Any CPU
		{734DF1E3-26F7-436A-84D4-D839376CA023}.Release|Any CPU.Build.0 = Release|Any CPU
		{734DF1E3-26F7-436A-84D4-D839376CA023}.Release|x64.ActiveCfg = Release|Any CPU
		{734DF1E3-26F7-436A-84D4-D839376CA023}.Release|x64.Build.0 = Release|Any CPU
		{734DF1E3-26F7-436A-84D4-D839376CA023}.Release|x86.ActiveCfg = Release|Any CPU
		{734DF1E3-26F7-436A-84D4-D839376CA023}.Release|x86.Build.0 = Release|Any CPU
		{BCC07AA3-ED76-429A-BFBC-A21C74E4E8A3}.Debug|Any CPU.ActiveCfg = Debug|Any CPU
		{BCC07AA3-ED76-429A-BFBC-A21C74E4E8A3}.Debug|Any CPU.Build.0 = Debug|Any CPU
		{BCC07AA3-ED76-429A-BFBC-A21C74E4E8A3}.Debug|x64.ActiveCfg = Debug|Any CPU
		{BCC07AA3-ED76-429A-BFBC-A21C74E4E8A3}.Debug|x64.Build.0 = Debug|Any CPU
		{BCC07AA3-ED76-429A-BFBC-A21C74E4E8A3}.Debug|x86.ActiveCfg = Debug|Any CPU
		{BCC07AA3-ED76-429A-BFBC-A21C74E4E8A3}.Debug|x86.Build.0 = Debug|Any CPU
		{BCC07AA3-ED76-429A-BFBC-A21C74E4E8A3}.Release|Any CPU.ActiveCfg = Release|Any CPU
		{BCC07AA3-ED76-429A-BFBC-A21C74E4E8A3}.Release|Any CPU.Build.0 = Release|Any CPU
		{BCC07AA3-ED76-429A-BFBC-A21C74E4E8A3}.Release|x64.ActiveCfg = Release|Any CPU
		{BCC07AA3-ED76-429A-BFBC-A21C74E4E8A3}.Release|x64.Build.0 = Release|Any CPU
		{BCC07AA3-ED76-429A-BFBC-A21C74E4E8A3}.Release|x86.ActiveCfg = Release|Any CPU
		{BCC07AA3-ED76-429A-BFBC-A21C74E4E8A3}.Release|x86.Build.0 = Release|Any CPU
		{66CF4561-0B21-4D10-A1A7-B49A00AE0380}.Debug|Any CPU.ActiveCfg = Debug|Any CPU
		{66CF4561-0B21-4D10-A1A7-B49A00AE0380}.Debug|Any CPU.Build.0 = Debug|Any CPU
		{66CF4561-0B21-4D10-A1A7-B49A00AE0380}.Debug|x64.ActiveCfg = Debug|Any CPU
		{66CF4561-0B21-4D10-A1A7-B49A00AE0380}.Debug|x64.Build.0 = Debug|Any CPU
		{66CF4561-0B21-4D10-A1A7-B49A00AE0380}.Debug|x86.ActiveCfg = Debug|Any CPU
		{66CF4561-0B21-4D10-A1A7-B49A00AE0380}.Debug|x86.Build.0 = Debug|Any CPU
		{66CF4561-0B21-4D10-A1A7-B49A00AE0380}.Release|Any CPU.ActiveCfg = Release|Any CPU
		{66CF4561-0B21-4D10-A1A7-B49A00AE0380}.Release|Any CPU.Build.0 = Release|Any CPU
		{66CF4561-0B21-4D10-A1A7-B49A00AE0380}.Release|x64.ActiveCfg = Release|Any CPU
		{66CF4561-0B21-4D10-A1A7-B49A00AE0380}.Release|x64.Build.0 = Release|Any CPU
		{66CF4561-0B21-4D10-A1A7-B49A00AE0380}.Release|x86.ActiveCfg = Release|Any CPU
		{66CF4561-0B21-4D10-A1A7-B49A00AE0380}.Release|x86.Build.0 = Release|Any CPU
		{F4FA0EC7-C6B0-4FEF-8264-B668EBC66043}.Debug|Any CPU.ActiveCfg = Debug|Any CPU
		{F4FA0EC7-C6B0-4FEF-8264-B668EBC66043}.Debug|Any CPU.Build.0 = Debug|Any CPU
		{F4FA0EC7-C6B0-4FEF-8264-B668EBC66043}.Debug|x64.ActiveCfg = Debug|Any CPU
		{F4FA0EC7-C6B0-4FEF-8264-B668EBC66043}.Debug|x64.Build.0 = Debug|Any CPU
		{F4FA0EC7-C6B0-4FEF-8264-B668EBC66043}.Debug|x86.ActiveCfg = Debug|Any CPU
		{F4FA0EC7-C6B0-4FEF-8264-B668EBC66043}.Debug|x86.Build.0 = Debug|Any CPU
		{F4FA0EC7-C6B0-4FEF-8264-B668EBC66043}.Release|Any CPU.ActiveCfg = Release|Any CPU
		{F4FA0EC7-C6B0-4FEF-8264-B668EBC66043}.Release|Any CPU.Build.0 = Release|Any CPU
		{F4FA0EC7-C6B0-4FEF-8264-B668EBC66043}.Release|x64.ActiveCfg = Release|Any CPU
		{F4FA0EC7-C6B0-4FEF-8264-B668EBC66043}.Release|x64.Build.0 = Release|Any CPU
		{F4FA0EC7-C6B0-4FEF-8264-B668EBC66043}.Release|x86.ActiveCfg = Release|Any CPU
		{F4FA0EC7-C6B0-4FEF-8264-B668EBC66043}.Release|x86.Build.0 = Release|Any CPU
		{DF996036-534D-426E-897C-F3B2839344F5}.Debug|Any CPU.ActiveCfg = Debug|Any CPU
		{DF996036-534D-426E-897C-F3B2839344F5}.Debug|Any CPU.Build.0 = Debug|Any CPU
		{DF996036-534D-426E-897C-F3B2839344F5}.Debug|x64.ActiveCfg = Debug|Any CPU
		{DF996036-534D-426E-897C-F3B2839344F5}.Debug|x64.Build.0 = Debug|Any CPU
		{DF996036-534D-426E-897C-F3B2839344F5}.Debug|x86.ActiveCfg = Debug|Any CPU
		{DF996036-534D-426E-897C-F3B2839344F5}.Debug|x86.Build.0 = Debug|Any CPU
		{DF996036-534D-426E-897C-F3B2839344F5}.Release|Any CPU.ActiveCfg = Release|Any CPU
		{DF996036-534D-426E-897C-F3B2839344F5}.Release|Any CPU.Build.0 = Release|Any CPU
		{DF996036-534D-426E-897C-F3B2839344F5}.Release|x64.ActiveCfg = Release|Any CPU
		{DF996036-534D-426E-897C-F3B2839344F5}.Release|x64.Build.0 = Release|Any CPU
		{DF996036-534D-426E-897C-F3B2839344F5}.Release|x86.ActiveCfg = Release|Any CPU
		{DF996036-534D-426E-897C-F3B2839344F5}.Release|x86.Build.0 = Release|Any CPU
		{3710160A-57D5-4281-B46F-1D9866F7EB25}.Debug|Any CPU.ActiveCfg = Debug|Any CPU
		{3710160A-57D5-4281-B46F-1D9866F7EB25}.Debug|Any CPU.Build.0 = Debug|Any CPU
		{3710160A-57D5-4281-B46F-1D9866F7EB25}.Debug|x64.ActiveCfg = Debug|Any CPU
		{3710160A-57D5-4281-B46F-1D9866F7EB25}.Debug|x64.Build.0 = Debug|Any CPU
		{3710160A-57D5-4281-B46F-1D9866F7EB25}.Debug|x86.ActiveCfg = Debug|Any CPU
		{3710160A-57D5-4281-B46F-1D9866F7EB25}.Debug|x86.Build.0 = Debug|Any CPU
		{3710160A-57D5-4281-B46F-1D9866F7EB25}.Release|Any CPU.ActiveCfg = Release|Any CPU
		{3710160A-57D5-4281-B46F-1D9866F7EB25}.Release|Any CPU.Build.0 = Release|Any CPU
		{3710160A-57D5-4281-B46F-1D9866F7EB25}.Release|x64.ActiveCfg = Release|Any CPU
		{3710160A-57D5-4281-B46F-1D9866F7EB25}.Release|x64.Build.0 = Release|Any CPU
		{3710160A-57D5-4281-B46F-1D9866F7EB25}.Release|x86.ActiveCfg = Release|Any CPU
		{3710160A-57D5-4281-B46F-1D9866F7EB25}.Release|x86.Build.0 = Release|Any CPU
		{F85D491D-13D5-44CE-941D-B80FB5346134}.Debug|Any CPU.ActiveCfg = Debug|Any CPU
		{F85D491D-13D5-44CE-941D-B80FB5346134}.Debug|Any CPU.Build.0 = Debug|Any CPU
		{F85D491D-13D5-44CE-941D-B80FB5346134}.Debug|x64.ActiveCfg = Debug|Any CPU
		{F85D491D-13D5-44CE-941D-B80FB5346134}.Debug|x64.Build.0 = Debug|Any CPU
		{F85D491D-13D5-44CE-941D-B80FB5346134}.Debug|x86.ActiveCfg = Debug|Any CPU
		{F85D491D-13D5-44CE-941D-B80FB5346134}.Debug|x86.Build.0 = Debug|Any CPU
		{F85D491D-13D5-44CE-941D-B80FB5346134}.Release|Any CPU.ActiveCfg = Release|Any CPU
		{F85D491D-13D5-44CE-941D-B80FB5346134}.Release|Any CPU.Build.0 = Release|Any CPU
		{F85D491D-13D5-44CE-941D-B80FB5346134}.Release|x64.ActiveCfg = Release|Any CPU
		{F85D491D-13D5-44CE-941D-B80FB5346134}.Release|x64.Build.0 = Release|Any CPU
		{F85D491D-13D5-44CE-941D-B80FB5346134}.Release|x86.ActiveCfg = Release|Any CPU
		{F85D491D-13D5-44CE-941D-B80FB5346134}.Release|x86.Build.0 = Release|Any CPU
		{5B87BCF1-567B-412A-87C6-EFDF2BA7C81A}.Debug|Any CPU.ActiveCfg = Debug|Any CPU
		{5B87BCF1-567B-412A-87C6-EFDF2BA7C81A}.Debug|Any CPU.Build.0 = Debug|Any CPU
		{5B87BCF1-567B-412A-87C6-EFDF2BA7C81A}.Debug|x64.ActiveCfg = Debug|Any CPU
		{5B87BCF1-567B-412A-87C6-EFDF2BA7C81A}.Debug|x64.Build.0 = Debug|Any CPU
		{5B87BCF1-567B-412A-87C6-EFDF2BA7C81A}.Debug|x86.ActiveCfg = Debug|Any CPU
		{5B87BCF1-567B-412A-87C6-EFDF2BA7C81A}.Debug|x86.Build.0 = Debug|Any CPU
		{5B87BCF1-567B-412A-87C6-EFDF2BA7C81A}.Release|Any CPU.ActiveCfg = Release|Any CPU
		{5B87BCF1-567B-412A-87C6-EFDF2BA7C81A}.Release|Any CPU.Build.0 = Release|Any CPU
		{5B87BCF1-567B-412A-87C6-EFDF2BA7C81A}.Release|x64.ActiveCfg = Release|Any CPU
		{5B87BCF1-567B-412A-87C6-EFDF2BA7C81A}.Release|x64.Build.0 = Release|Any CPU
		{5B87BCF1-567B-412A-87C6-EFDF2BA7C81A}.Release|x86.ActiveCfg = Release|Any CPU
		{5B87BCF1-567B-412A-87C6-EFDF2BA7C81A}.Release|x86.Build.0 = Release|Any CPU
		{151F6FC2-0BDD-453D-80F1-4E0506041694}.Debug|Any CPU.ActiveCfg = Debug|Any CPU
		{151F6FC2-0BDD-453D-80F1-4E0506041694}.Debug|Any CPU.Build.0 = Debug|Any CPU
		{151F6FC2-0BDD-453D-80F1-4E0506041694}.Debug|x64.ActiveCfg = Debug|Any CPU
		{151F6FC2-0BDD-453D-80F1-4E0506041694}.Debug|x64.Build.0 = Debug|Any CPU
		{151F6FC2-0BDD-453D-80F1-4E0506041694}.Debug|x86.ActiveCfg = Debug|Any CPU
		{151F6FC2-0BDD-453D-80F1-4E0506041694}.Debug|x86.Build.0 = Debug|Any CPU
		{151F6FC2-0BDD-453D-80F1-4E0506041694}.Release|Any CPU.ActiveCfg = Release|Any CPU
		{151F6FC2-0BDD-453D-80F1-4E0506041694}.Release|Any CPU.Build.0 = Release|Any CPU
		{151F6FC2-0BDD-453D-80F1-4E0506041694}.Release|x64.ActiveCfg = Release|Any CPU
		{151F6FC2-0BDD-453D-80F1-4E0506041694}.Release|x64.Build.0 = Release|Any CPU
		{151F6FC2-0BDD-453D-80F1-4E0506041694}.Release|x86.ActiveCfg = Release|Any CPU
		{151F6FC2-0BDD-453D-80F1-4E0506041694}.Release|x86.Build.0 = Release|Any CPU
		{05E5884A-D8F5-44F0-89D1-B04EF95BC0C9}.Debug|Any CPU.ActiveCfg = Debug|Any CPU
		{05E5884A-D8F5-44F0-89D1-B04EF95BC0C9}.Debug|Any CPU.Build.0 = Debug|Any CPU
		{05E5884A-D8F5-44F0-89D1-B04EF95BC0C9}.Debug|x64.ActiveCfg = Debug|Any CPU
		{05E5884A-D8F5-44F0-89D1-B04EF95BC0C9}.Debug|x64.Build.0 = Debug|Any CPU
		{05E5884A-D8F5-44F0-89D1-B04EF95BC0C9}.Debug|x86.ActiveCfg = Debug|Any CPU
		{05E5884A-D8F5-44F0-89D1-B04EF95BC0C9}.Debug|x86.Build.0 = Debug|Any CPU
		{05E5884A-D8F5-44F0-89D1-B04EF95BC0C9}.Release|Any CPU.ActiveCfg = Release|Any CPU
		{05E5884A-D8F5-44F0-89D1-B04EF95BC0C9}.Release|Any CPU.Build.0 = Release|Any CPU
		{05E5884A-D8F5-44F0-89D1-B04EF95BC0C9}.Release|x64.ActiveCfg = Release|Any CPU
		{05E5884A-D8F5-44F0-89D1-B04EF95BC0C9}.Release|x64.Build.0 = Release|Any CPU
		{05E5884A-D8F5-44F0-89D1-B04EF95BC0C9}.Release|x86.ActiveCfg = Release|Any CPU
		{05E5884A-D8F5-44F0-89D1-B04EF95BC0C9}.Release|x86.Build.0 = Release|Any CPU
		{91025D99-9A0E-41A6-88FB-42989C8D0B8B}.Debug|Any CPU.ActiveCfg = Debug|Any CPU
		{91025D99-9A0E-41A6-88FB-42989C8D0B8B}.Debug|Any CPU.Build.0 = Debug|Any CPU
		{91025D99-9A0E-41A6-88FB-42989C8D0B8B}.Debug|x64.ActiveCfg = Debug|Any CPU
		{91025D99-9A0E-41A6-88FB-42989C8D0B8B}.Debug|x64.Build.0 = Debug|Any CPU
		{91025D99-9A0E-41A6-88FB-42989C8D0B8B}.Debug|x86.ActiveCfg = Debug|Any CPU
		{91025D99-9A0E-41A6-88FB-42989C8D0B8B}.Debug|x86.Build.0 = Debug|Any CPU
		{91025D99-9A0E-41A6-88FB-42989C8D0B8B}.Release|Any CPU.ActiveCfg = Release|Any CPU
		{91025D99-9A0E-41A6-88FB-42989C8D0B8B}.Release|Any CPU.Build.0 = Release|Any CPU
		{91025D99-9A0E-41A6-88FB-42989C8D0B8B}.Release|x64.ActiveCfg = Release|Any CPU
		{91025D99-9A0E-41A6-88FB-42989C8D0B8B}.Release|x64.Build.0 = Release|Any CPU
		{91025D99-9A0E-41A6-88FB-42989C8D0B8B}.Release|x86.ActiveCfg = Release|Any CPU
		{91025D99-9A0E-41A6-88FB-42989C8D0B8B}.Release|x86.Build.0 = Release|Any CPU
		{AE9334E9-9833-4366-B63F-A0C5BBF3B0BC}.Debug|Any CPU.ActiveCfg = Debug|Any CPU
		{AE9334E9-9833-4366-B63F-A0C5BBF3B0BC}.Debug|Any CPU.Build.0 = Debug|Any CPU
		{AE9334E9-9833-4366-B63F-A0C5BBF3B0BC}.Debug|x64.ActiveCfg = Debug|Any CPU
		{AE9334E9-9833-4366-B63F-A0C5BBF3B0BC}.Debug|x64.Build.0 = Debug|Any CPU
		{AE9334E9-9833-4366-B63F-A0C5BBF3B0BC}.Debug|x86.ActiveCfg = Debug|Any CPU
		{AE9334E9-9833-4366-B63F-A0C5BBF3B0BC}.Debug|x86.Build.0 = Debug|Any CPU
		{AE9334E9-9833-4366-B63F-A0C5BBF3B0BC}.Release|Any CPU.ActiveCfg = Release|Any CPU
		{AE9334E9-9833-4366-B63F-A0C5BBF3B0BC}.Release|Any CPU.Build.0 = Release|Any CPU
		{AE9334E9-9833-4366-B63F-A0C5BBF3B0BC}.Release|x64.ActiveCfg = Release|Any CPU
		{AE9334E9-9833-4366-B63F-A0C5BBF3B0BC}.Release|x64.Build.0 = Release|Any CPU
		{AE9334E9-9833-4366-B63F-A0C5BBF3B0BC}.Release|x86.ActiveCfg = Release|Any CPU
		{AE9334E9-9833-4366-B63F-A0C5BBF3B0BC}.Release|x86.Build.0 = Release|Any CPU
		{BEBBEAB9-2F0A-4BC5-901B-7906BC540475}.Debug|Any CPU.ActiveCfg = Debug|Any CPU
		{BEBBEAB9-2F0A-4BC5-901B-7906BC540475}.Debug|Any CPU.Build.0 = Debug|Any CPU
		{BEBBEAB9-2F0A-4BC5-901B-7906BC540475}.Debug|x64.ActiveCfg = Debug|Any CPU
		{BEBBEAB9-2F0A-4BC5-901B-7906BC540475}.Debug|x64.Build.0 = Debug|Any CPU
		{BEBBEAB9-2F0A-4BC5-901B-7906BC540475}.Debug|x86.ActiveCfg = Debug|Any CPU
		{BEBBEAB9-2F0A-4BC5-901B-7906BC540475}.Debug|x86.Build.0 = Debug|Any CPU
		{BEBBEAB9-2F0A-4BC5-901B-7906BC540475}.Release|Any CPU.ActiveCfg = Release|Any CPU
		{BEBBEAB9-2F0A-4BC5-901B-7906BC540475}.Release|Any CPU.Build.0 = Release|Any CPU
		{BEBBEAB9-2F0A-4BC5-901B-7906BC540475}.Release|x64.ActiveCfg = Release|Any CPU
		{BEBBEAB9-2F0A-4BC5-901B-7906BC540475}.Release|x64.Build.0 = Release|Any CPU
		{BEBBEAB9-2F0A-4BC5-901B-7906BC540475}.Release|x86.ActiveCfg = Release|Any CPU
		{BEBBEAB9-2F0A-4BC5-901B-7906BC540475}.Release|x86.Build.0 = Release|Any CPU
	EndGlobalSection
	GlobalSection(SolutionProperties) = preSolution
		HideSolutionNode = FALSE
	EndGlobalSection
	GlobalSection(NestedProjects) = preSolution
		{D1746077-C0F2-4F73-A18D-B7C221F9001D} = {51CA191F-AE29-44B3-9752-D289F968A0E6}
		{734DF1E3-26F7-436A-84D4-D839376CA023} = {51CA191F-AE29-44B3-9752-D289F968A0E6}
		{BCC07AA3-ED76-429A-BFBC-A21C74E4E8A3} = {51CA191F-AE29-44B3-9752-D289F968A0E6}
		{F4FA0EC7-C6B0-4FEF-8264-B668EBC66043} = {51CA191F-AE29-44B3-9752-D289F968A0E6}
		{5B87BCF1-567B-412A-87C6-EFDF2BA7C81A} = {51CA191F-AE29-44B3-9752-D289F968A0E6}
		{91025D99-9A0E-41A6-88FB-42989C8D0B8B} = {0C88DD14-F956-CE84-757C-A364CCF449FC}
		{AE9334E9-9833-4366-B63F-A0C5BBF3B0BC} = {0C88DD14-F956-CE84-757C-A364CCF449FC}
		{BEBBEAB9-2F0A-4BC5-901B-7906BC540475} = {0C88DD14-F956-CE84-757C-A364CCF449FC}
	EndGlobalSection
EndGlobal
