
Microsoft Visual Studio Solution File, Format Version 12.00
Project("{FAE04EC0-301F-11D3-BF4B-00C04F79EFBC}") = "SharedLibrary.Api", "..\eCommerce.SharedLibrary\SharedLibrary.Api\SharedLibrary.Api.csproj", "{B3B4E14E-3465-4147-A7D1-6BF6365EBCA3}"
EndProject
Project("{FAE04EC0-301F-11D3-BF4B-00C04F79EFBC}") = "SharedLibrary.Application", "..\eCommerce.SharedLibrary\SharedLibrary.Application\SharedLibrary.Application.csproj", "{40D75BD4-D85C-4822-8BD7-2C254B4C46A9}"
EndProject
Project("{FAE04EC0-301F-11D3-BF4B-00C04F79EFBC}") = "SharedLibrary.Domain", "..\eCommerce.SharedLibrary\SharedLibrary.Domain\SharedLibrary.Domain.csproj", "{E215D986-5203-493C-A179-6188404673D1}"
EndProject
Project("{FAE04EC0-301F-11D3-BF4B-00C04F79EFBC}") = "SharedLibrary.Infrastructure", "..\eCommerce.SharedLibrary\SharedLibrary.Infrastructure\SharedLibrary.Infrastructure.csproj", "{93636062-FCAD-4A19-AF4F-0BC7F94D8778}"
EndProject
Project("{2150E333-8FDC-42A3-9474-1A3956D46DE8}") = "src", "src", "{827E0CD3-B72D-47B6-A68D-7590B98EB39B}"
EndProject
Project("{FAE04EC0-301F-11D3-BF4B-00C04F79EFBC}") = "ProductApi.Api", "src\ProductApi.Api\ProductApi.Api.csproj", "{2769D850-EE7D-40F6-B183-DD1F20637DE4}"
EndProject
Project("{FAE04EC0-301F-11D3-BF4B-00C04F79EFBC}") = "ProductApi.Application", "src\ProductApi.Application\ProductApi.Application.csproj", "{A0CD4190-AC4F-466E-8807-642567FD046C}"
EndProject
Project("{FAE04EC0-301F-11D3-BF4B-00C04F79EFBC}") = "ProductApi.Domain", "src\ProductApi.Domain\ProductApi.Domain.csproj", "{B67E6F9D-A39A-4295-850C-B7BC41D21A1F}"
EndProject
Project("{FAE04EC0-301F-11D3-BF4B-00C04F79EFBC}") = "ProductApi.Infrastructure", "src\ProductApi.Infrastructure\ProductApi.Infrastructure.csproj", "{3D9E9786-039C-42B9-9739-EF4D4AF344DD}"
EndProject
Project("{2150E333-8FDC-42A3-9474-1A3956D46DE8}") = "test", "test", "{0C88DD14-F956-CE84-757C-A364CCF449FC}"
EndProject
Project("{FAE04EC0-301F-11D3-BF4B-00C04F79EFBC}") = "ProductApi.Domain.UnitTests", "test\ProductApi.Domain.UnitTests\ProductApi.Domain.UnitTests.csproj", "{75ADBD82-FC61-4E56-AF42-B9F67703F94A}"
EndProject
Project("{FAE04EC0-301F-11D3-BF4B-00C04F79EFBC}") = "ProductApi.Application.UnitTests", "test\ProductApi.Application.UnitTests\ProductApi.Application.UnitTests.csproj", "{3213B64A-E788-48D2-A584-FFEAB0117446}"
EndProject
Project("{FAE04EC0-301F-11D3-BF4B-00C04F79EFBC}") = "ProductApi.Application.IntegrationTests", "test\ProductApi.Application.IntegrationTests\ProductApi.Application.IntegrationTests.csproj", "{34A00CAF-468A-4838-B6C7-A51D178E4943}"
EndProject
Project("{FAE04EC0-301F-11D3-BF4B-00C04F79EFBC}") = "ProductApi.Messages", "src\ProductApi.Messages\ProductApi.Messages.csproj", "{BD1C0F14-274C-42C5-AD84-4D373874F14C}"
EndProject
Global
	GlobalSection(SolutionConfigurationPlatforms) = preSolution
		Debug|Any CPU = Debug|Any CPU
		Debug|x64 = Debug|x64
		Debug|x86 = Debug|x86
		Release|Any CPU = Release|Any CPU
		Release|x64 = Release|x64
		Release|x86 = Release|x86
	EndGlobalSection
	GlobalSection(ProjectConfigurationPlatforms) = postSolution
		{B3B4E14E-3465-4147-A7D1-6BF6365EBCA3}.Debug|Any CPU.ActiveCfg = Debug|Any CPU
		{B3B4E14E-3465-4147-A7D1-6BF6365EBCA3}.Debug|Any CPU.Build.0 = Debug|Any CPU
		{B3B4E14E-3465-4147-A7D1-6BF6365EBCA3}.Debug|x64.ActiveCfg = Debug|Any CPU
		{B3B4E14E-3465-4147-A7D1-6BF6365EBCA3}.Debug|x64.Build.0 = Debug|Any CPU
		{B3B4E14E-3465-4147-A7D1-6BF6365EBCA3}.Debug|x86.ActiveCfg = Debug|Any CPU
		{B3B4E14E-3465-4147-A7D1-6BF6365EBCA3}.Debug|x86.Build.0 = Debug|Any CPU
		{B3B4E14E-3465-4147-A7D1-6BF6365EBCA3}.Release|Any CPU.ActiveCfg = Release|Any CPU
		{B3B4E14E-3465-4147-A7D1-6BF6365EBCA3}.Release|Any CPU.Build.0 = Release|Any CPU
		{B3B4E14E-3465-4147-A7D1-6BF6365EBCA3}.Release|x64.ActiveCfg = Release|Any CPU
		{B3B4E14E-3465-4147-A7D1-6BF6365EBCA3}.Release|x64.Build.0 = Release|Any CPU
		{B3B4E14E-3465-4147-A7D1-6BF6365EBCA3}.Release|x86.ActiveCfg = Release|Any CPU
		{B3B4E14E-3465-4147-A7D1-6BF6365EBCA3}.Release|x86.Build.0 = Release|Any CPU
		{40D75BD4-D85C-4822-8BD7-2C254B4C46A9}.Debug|Any CPU.ActiveCfg = Debug|Any CPU
		{40D75BD4-D85C-4822-8BD7-2C254B4C46A9}.Debug|Any CPU.Build.0 = Debug|Any CPU
		{40D75BD4-D85C-4822-8BD7-2C254B4C46A9}.Debug|x64.ActiveCfg = Debug|Any CPU
		{40D75BD4-D85C-4822-8BD7-2C254B4C46A9}.Debug|x64.Build.0 = Debug|Any CPU
		{40D75BD4-D85C-4822-8BD7-2C254B4C46A9}.Debug|x86.ActiveCfg = Debug|Any CPU
		{40D75BD4-D85C-4822-8BD7-2C254B4C46A9}.Debug|x86.Build.0 = Debug|Any CPU
		{40D75BD4-D85C-4822-8BD7-2C254B4C46A9}.Release|Any CPU.ActiveCfg = Release|Any CPU
		{40D75BD4-D85C-4822-8BD7-2C254B4C46A9}.Release|Any CPU.Build.0 = Release|Any CPU
		{40D75BD4-D85C-4822-8BD7-2C254B4C46A9}.Release|x64.ActiveCfg = Release|Any CPU
		{40D75BD4-D85C-4822-8BD7-2C254B4C46A9}.Release|x64.Build.0 = Release|Any CPU
		{40D75BD4-D85C-4822-8BD7-2C254B4C46A9}.Release|x86.ActiveCfg = Release|Any CPU
		{40D75BD4-D85C-4822-8BD7-2C254B4C46A9}.Release|x86.Build.0 = Release|Any CPU
		{E215D986-5203-493C-A179-6188404673D1}.Debug|Any CPU.ActiveCfg = Debug|Any CPU
		{E215D986-5203-493C-A179-6188404673D1}.Debug|Any CPU.Build.0 = Debug|Any CPU
		{E215D986-5203-493C-A179-6188404673D1}.Debug|x64.ActiveCfg = Debug|Any CPU
		{E215D986-5203-493C-A179-6188404673D1}.Debug|x64.Build.0 = Debug|Any CPU
		{E215D986-5203-493C-A179-6188404673D1}.Debug|x86.ActiveCfg = Debug|Any CPU
		{E215D986-5203-493C-A179-6188404673D1}.Debug|x86.Build.0 = Debug|Any CPU
		{E215D986-5203-493C-A179-6188404673D1}.Release|Any CPU.ActiveCfg = Release|Any CPU
		{E215D986-5203-493C-A179-6188404673D1}.Release|Any CPU.Build.0 = Release|Any CPU
		{E215D986-5203-493C-A179-6188404673D1}.Release|x64.ActiveCfg = Release|Any CPU
		{E215D986-5203-493C-A179-6188404673D1}.Release|x64.Build.0 = Release|Any CPU
		{E215D986-5203-493C-A179-6188404673D1}.Release|x86.ActiveCfg = Release|Any CPU
		{E215D986-5203-493C-A179-6188404673D1}.Release|x86.Build.0 = Release|Any CPU
		{93636062-FCAD-4A19-AF4F-0BC7F94D8778}.Debug|Any CPU.ActiveCfg = Debug|Any CPU
		{93636062-FCAD-4A19-AF4F-0BC7F94D8778}.Debug|Any CPU.Build.0 = Debug|Any CPU
		{93636062-FCAD-4A19-AF4F-0BC7F94D8778}.Debug|x64.ActiveCfg = Debug|Any CPU
		{93636062-FCAD-4A19-AF4F-0BC7F94D8778}.Debug|x64.Build.0 = Debug|Any CPU
		{93636062-FCAD-4A19-AF4F-0BC7F94D8778}.Debug|x86.ActiveCfg = Debug|Any CPU
		{93636062-FCAD-4A19-AF4F-0BC7F94D8778}.Debug|x86.Build.0 = Debug|Any CPU
		{93636062-FCAD-4A19-AF4F-0BC7F94D8778}.Release|Any CPU.ActiveCfg = Release|Any CPU
		{93636062-FCAD-4A19-AF4F-0BC7F94D8778}.Release|Any CPU.Build.0 = Release|Any CPU
		{93636062-FCAD-4A19-AF4F-0BC7F94D8778}.Release|x64.ActiveCfg = Release|Any CPU
		{93636062-FCAD-4A19-AF4F-0BC7F94D8778}.Release|x64.Build.0 = Release|Any CPU
		{93636062-FCAD-4A19-AF4F-0BC7F94D8778}.Release|x86.ActiveCfg = Release|Any CPU
		{93636062-FCAD-4A19-AF4F-0BC7F94D8778}.Release|x86.Build.0 = Release|Any CPU
		{2769D850-EE7D-40F6-B183-DD1F20637DE4}.Debug|Any CPU.ActiveCfg = Debug|Any CPU
		{2769D850-EE7D-40F6-B183-DD1F20637DE4}.Debug|Any CPU.Build.0 = Debug|Any CPU
		{2769D850-EE7D-40F6-B183-DD1F20637DE4}.Debug|x64.ActiveCfg = Debug|Any CPU
		{2769D850-EE7D-40F6-B183-DD1F20637DE4}.Debug|x64.Build.0 = Debug|Any CPU
		{2769D850-EE7D-40F6-B183-DD1F20637DE4}.Debug|x86.ActiveCfg = Debug|Any CPU
		{2769D850-EE7D-40F6-B183-DD1F20637DE4}.Debug|x86.Build.0 = Debug|Any CPU
		{2769D850-EE7D-40F6-B183-DD1F20637DE4}.Release|Any CPU.ActiveCfg = Release|Any CPU
		{2769D850-EE7D-40F6-B183-DD1F20637DE4}.Release|Any CPU.Build.0 = Release|Any CPU
		{2769D850-EE7D-40F6-B183-DD1F20637DE4}.Release|x64.ActiveCfg = Release|Any CPU
		{2769D850-EE7D-40F6-B183-DD1F20637DE4}.Release|x64.Build.0 = Release|Any CPU
		{2769D850-EE7D-40F6-B183-DD1F20637DE4}.Release|x86.ActiveCfg = Release|Any CPU
		{2769D850-EE7D-40F6-B183-DD1F20637DE4}.Release|x86.Build.0 = Release|Any CPU
		{A0CD4190-AC4F-466E-8807-642567FD046C}.Debug|Any CPU.ActiveCfg = Debug|Any CPU
		{A0CD4190-AC4F-466E-8807-642567FD046C}.Debug|Any CPU.Build.0 = Debug|Any CPU
		{A0CD4190-AC4F-466E-8807-642567FD046C}.Debug|x64.ActiveCfg = Debug|Any CPU
		{A0CD4190-AC4F-466E-8807-642567FD046C}.Debug|x64.Build.0 = Debug|Any CPU
		{A0CD4190-AC4F-466E-8807-642567FD046C}.Debug|x86.ActiveCfg = Debug|Any CPU
		{A0CD4190-AC4F-466E-8807-642567FD046C}.Debug|x86.Build.0 = Debug|Any CPU
		{A0CD4190-AC4F-466E-8807-642567FD046C}.Release|Any CPU.ActiveCfg = Release|Any CPU
		{A0CD4190-AC4F-466E-8807-642567FD046C}.Release|Any CPU.Build.0 = Release|Any CPU
		{A0CD4190-AC4F-466E-8807-642567FD046C}.Release|x64.ActiveCfg = Release|Any CPU
		{A0CD4190-AC4F-466E-8807-642567FD046C}.Release|x64.Build.0 = Release|Any CPU
		{A0CD4190-AC4F-466E-8807-642567FD046C}.Release|x86.ActiveCfg = Release|Any CPU
		{A0CD4190-AC4F-466E-8807-642567FD046C}.Release|x86.Build.0 = Release|Any CPU
		{B67E6F9D-A39A-4295-850C-B7BC41D21A1F}.Debug|Any CPU.ActiveCfg = Debug|Any CPU
		{B67E6F9D-A39A-4295-850C-B7BC41D21A1F}.Debug|Any CPU.Build.0 = Debug|Any CPU
		{B67E6F9D-A39A-4295-850C-B7BC41D21A1F}.Debug|x64.ActiveCfg = Debug|Any CPU
		{B67E6F9D-A39A-4295-850C-B7BC41D21A1F}.Debug|x64.Build.0 = Debug|Any CPU
		{B67E6F9D-A39A-4295-850C-B7BC41D21A1F}.Debug|x86.ActiveCfg = Debug|Any CPU
		{B67E6F9D-A39A-4295-850C-B7BC41D21A1F}.Debug|x86.Build.0 = Debug|Any CPU
		{B67E6F9D-A39A-4295-850C-B7BC41D21A1F}.Release|Any CPU.ActiveCfg = Release|Any CPU
		{B67E6F9D-A39A-4295-850C-B7BC41D21A1F}.Release|Any CPU.Build.0 = Release|Any CPU
		{B67E6F9D-A39A-4295-850C-B7BC41D21A1F}.Release|x64.ActiveCfg = Release|Any CPU
		{B67E6F9D-A39A-4295-850C-B7BC41D21A1F}.Release|x64.Build.0 = Release|Any CPU
		{B67E6F9D-A39A-4295-850C-B7BC41D21A1F}.Release|x86.ActiveCfg = Release|Any CPU
		{B67E6F9D-A39A-4295-850C-B7BC41D21A1F}.Release|x86.Build.0 = Release|Any CPU
		{3D9E9786-039C-42B9-9739-EF4D4AF344DD}.Debug|Any CPU.ActiveCfg = Debug|Any CPU
		{3D9E9786-039C-42B9-9739-EF4D4AF344DD}.Debug|Any CPU.Build.0 = Debug|Any CPU
		{3D9E9786-039C-42B9-9739-EF4D4AF344DD}.Debug|x64.ActiveCfg = Debug|Any CPU
		{3D9E9786-039C-42B9-9739-EF4D4AF344DD}.Debug|x64.Build.0 = Debug|Any CPU
		{3D9E9786-039C-42B9-9739-EF4D4AF344DD}.Debug|x86.ActiveCfg = Debug|Any CPU
		{3D9E9786-039C-42B9-9739-EF4D4AF344DD}.Debug|x86.Build.0 = Debug|Any CPU
		{3D9E9786-039C-42B9-9739-EF4D4AF344DD}.Release|Any CPU.ActiveCfg = Release|Any CPU
		{3D9E9786-039C-42B9-9739-EF4D4AF344DD}.Release|Any CPU.Build.0 = Release|Any CPU
		{3D9E9786-039C-42B9-9739-EF4D4AF344DD}.Release|x64.ActiveCfg = Release|Any CPU
		{3D9E9786-039C-42B9-9739-EF4D4AF344DD}.Release|x64.Build.0 = Release|Any CPU
		{3D9E9786-039C-42B9-9739-EF4D4AF344DD}.Release|x86.ActiveCfg = Release|Any CPU
		{3D9E9786-039C-42B9-9739-EF4D4AF344DD}.Release|x86.Build.0 = Release|Any CPU
		{75ADBD82-FC61-4E56-AF42-B9F67703F94A}.Debug|Any CPU.ActiveCfg = Debug|Any CPU
		{75ADBD82-FC61-4E56-AF42-B9F67703F94A}.Debug|Any CPU.Build.0 = Debug|Any CPU
		{75ADBD82-FC61-4E56-AF42-B9F67703F94A}.Debug|x64.ActiveCfg = Debug|Any CPU
		{75ADBD82-FC61-4E56-AF42-B9F67703F94A}.Debug|x64.Build.0 = Debug|Any CPU
		{75ADBD82-FC61-4E56-AF42-B9F67703F94A}.Debug|x86.ActiveCfg = Debug|Any CPU
		{75ADBD82-FC61-4E56-AF42-B9F67703F94A}.Debug|x86.Build.0 = Debug|Any CPU
		{75ADBD82-FC61-4E56-AF42-B9F67703F94A}.Release|Any CPU.ActiveCfg = Release|Any CPU
		{75ADBD82-FC61-4E56-AF42-B9F67703F94A}.Release|Any CPU.Build.0 = Release|Any CPU
		{75ADBD82-FC61-4E56-AF42-B9F67703F94A}.Release|x64.ActiveCfg = Release|Any CPU
		{75ADBD82-FC61-4E56-AF42-B9F67703F94A}.Release|x64.Build.0 = Release|Any CPU
		{75ADBD82-FC61-4E56-AF42-B9F67703F94A}.Release|x86.ActiveCfg = Release|Any CPU
		{75ADBD82-FC61-4E56-AF42-B9F67703F94A}.Release|x86.Build.0 = Release|Any CPU
		{3213B64A-E788-48D2-A584-FFEAB0117446}.Debug|Any CPU.ActiveCfg = Debug|Any CPU
		{3213B64A-E788-48D2-A584-FFEAB0117446}.Debug|Any CPU.Build.0 = Debug|Any CPU
		{3213B64A-E788-48D2-A584-FFEAB0117446}.Debug|x64.ActiveCfg = Debug|Any CPU
		{3213B64A-E788-48D2-A584-FFEAB0117446}.Debug|x64.Build.0 = Debug|Any CPU
		{3213B64A-E788-48D2-A584-FFEAB0117446}.Debug|x86.ActiveCfg = Debug|Any CPU
		{3213B64A-E788-48D2-A584-FFEAB0117446}.Debug|x86.Build.0 = Debug|Any CPU
		{3213B64A-E788-48D2-A584-FFEAB0117446}.Release|Any CPU.ActiveCfg = Release|Any CPU
		{3213B64A-E788-48D2-A584-FFEAB0117446}.Release|Any CPU.Build.0 = Release|Any CPU
		{3213B64A-E788-48D2-A584-FFEAB0117446}.Release|x64.ActiveCfg = Release|Any CPU
		{3213B64A-E788-48D2-A584-FFEAB0117446}.Release|x64.Build.0 = Release|Any CPU
		{3213B64A-E788-48D2-A584-FFEAB0117446}.Release|x86.ActiveCfg = Release|Any CPU
		{3213B64A-E788-48D2-A584-FFEAB0117446}.Release|x86.Build.0 = Release|Any CPU
		{34A00CAF-468A-4838-B6C7-A51D178E4943}.Debug|Any CPU.ActiveCfg = Debug|Any CPU
		{34A00CAF-468A-4838-B6C7-A51D178E4943}.Debug|Any CPU.Build.0 = Debug|Any CPU
		{34A00CAF-468A-4838-B6C7-A51D178E4943}.Debug|x64.ActiveCfg = Debug|Any CPU
		{34A00CAF-468A-4838-B6C7-A51D178E4943}.Debug|x64.Build.0 = Debug|Any CPU
		{34A00CAF-468A-4838-B6C7-A51D178E4943}.Debug|x86.ActiveCfg = Debug|Any CPU
		{34A00CAF-468A-4838-B6C7-A51D178E4943}.Debug|x86.Build.0 = Debug|Any CPU
		{34A00CAF-468A-4838-B6C7-A51D178E4943}.Release|Any CPU.ActiveCfg = Release|Any CPU
		{34A00CAF-468A-4838-B6C7-A51D178E4943}.Release|Any CPU.Build.0 = Release|Any CPU
		{34A00CAF-468A-4838-B6C7-A51D178E4943}.Release|x64.ActiveCfg = Release|Any CPU
		{34A00CAF-468A-4838-B6C7-A51D178E4943}.Release|x64.Build.0 = Release|Any CPU
		{34A00CAF-468A-4838-B6C7-A51D178E4943}.Release|x86.ActiveCfg = Release|Any CPU
		{34A00CAF-468A-4838-B6C7-A51D178E4943}.Release|x86.Build.0 = Release|Any CPU
		{BD1C0F14-274C-42C5-AD84-4D373874F14C}.Debug|Any CPU.ActiveCfg = Debug|Any CPU
		{BD1C0F14-274C-42C5-AD84-4D373874F14C}.Debug|Any CPU.Build.0 = Debug|Any CPU
		{BD1C0F14-274C-42C5-AD84-4D373874F14C}.Debug|x64.ActiveCfg = Debug|Any CPU
		{BD1C0F14-274C-42C5-AD84-4D373874F14C}.Debug|x64.Build.0 = Debug|Any CPU
		{BD1C0F14-274C-42C5-AD84-4D373874F14C}.Debug|x86.ActiveCfg = Debug|Any CPU
		{BD1C0F14-274C-42C5-AD84-4D373874F14C}.Debug|x86.Build.0 = Debug|Any CPU
		{BD1C0F14-274C-42C5-AD84-4D373874F14C}.Release|Any CPU.ActiveCfg = Release|Any CPU
		{BD1C0F14-274C-42C5-AD84-4D373874F14C}.Release|Any CPU.Build.0 = Release|Any CPU
		{BD1C0F14-274C-42C5-AD84-4D373874F14C}.Release|x64.ActiveCfg = Release|Any CPU
		{BD1C0F14-274C-42C5-AD84-4D373874F14C}.Release|x64.Build.0 = Release|Any CPU
		{BD1C0F14-274C-42C5-AD84-4D373874F14C}.Release|x86.ActiveCfg = Release|Any CPU
		{BD1C0F14-274C-42C5-AD84-4D373874F14C}.Release|x86.Build.0 = Release|Any CPU
	EndGlobalSection
	GlobalSection(SolutionProperties) = preSolution
		HideSolutionNode = FALSE
	EndGlobalSection
	GlobalSection(NestedProjects) = preSolution
		{2769D850-EE7D-40F6-B183-DD1F20637DE4} = {827E0CD3-B72D-47B6-A68D-7590B98EB39B}
		{A0CD4190-AC4F-466E-8807-642567FD046C} = {827E0CD3-B72D-47B6-A68D-7590B98EB39B}
		{B67E6F9D-A39A-4295-850C-B7BC41D21A1F} = {827E0CD3-B72D-47B6-A68D-7590B98EB39B}
		{3D9E9786-039C-42B9-9739-EF4D4AF344DD} = {827E0CD3-B72D-47B6-A68D-7590B98EB39B}
		{75ADBD82-FC61-4E56-AF42-B9F67703F94A} = {0C88DD14-F956-CE84-757C-A364CCF449FC}
		{3213B64A-E788-48D2-A584-FFEAB0117446} = {0C88DD14-F956-CE84-757C-A364CCF449FC}
		{34A00CAF-468A-4838-B6C7-A51D178E4943} = {0C88DD14-F956-CE84-757C-A364CCF449FC}
		{BD1C0F14-274C-42C5-AD84-4D373874F14C} = {827E0CD3-B72D-47B6-A68D-7590B98EB39B}
	EndGlobalSection
EndGlobal
